github.com/oasdiff/yaml3 v0.0.2 h1:KAbH+Qi4aT7PQbG4AASP25Yob3u+VyAVjLrTHaR/FOE=
github.com/oasdiff/yaml3 v0.0.2/go.mod h1:y5+oSEHCPT/DGrS++Wc/479ERge0zTFxaF8PbGKcg2o=
github.com/oasdiff/yaml3 v0.0.3 h1:AoDWNMgx8ND5gmaxeUSX4LjrlxrYB6CGzKdVi/1zAPQ=
github.com/oasdiff/yaml3 v0.0.3/go.mod h1:y5+oSEHCPT/DGrS++Wc/479ERge0zTFxaF8PbGKcg2o=
gopkg.in/check.v1 v0.0.0-20161208181325-20d25e280405 h1:yhCVgyC4o1eVCa2tZl7eS0r+SDo693bJlVdllGtEeKM=
gopkg.in/check.v1 v0.0.0-20161208181325-20d25e280405/go.mod h1:Co6ibVJAznAaIkqp8huTwlJQCZ016jof/cbN4VW5Yz0=
